
Microsoft Visual Studio Solution File, Format Version 12.00
# Visual Studio 15
Project("{FAE04EC0-301F-11D3-BF4B-00C04F79EFBC}") = "blackmencodeapp.Android", "blackmencodeapp.Android\blackmencodeapp.Android.csproj", "{F3CE2A75-719C-4648-9EC4-31F85543B64D}"
EndProject
Project("{FAE04EC0-301F-11D3-BF4B-00C04F79EFBC}") = "blackmencodeapp.iOS", "blackmencodeapp.iOS\blackmencodeapp.iOS.csproj", "{3D387137-528C-462F-95E3-E444995DC901}"
EndProject
Project("{D954291E-2A0B-460D-934E-DC6B0785DB48}") = "blackmencodeapp", "blackmencodeapp\blackmencodeapp.shproj", "{9D856303-6D4F-4FC9-82BD-989176D1AACA}"
EndProject
Global
	GlobalSection(SolutionConfigurationPlatforms) = preSolution
		Debug|Any CPU = Debug|Any CPU
		Release|Any CPU = Release|Any CPU
		Debug|iPhoneSimulator = Debug|iPhoneSimulator
		Release|iPhoneSimulator = Release|iPhoneSimulator
		Debug|iPhone = Debug|iPhone
		Release|iPhone = Release|iPhone
	EndGlobalSection
	GlobalSection(ProjectConfigurationPlatforms) = postSolution
		{F3CE2A75-719C-4648-9EC4-31F85543B64D}.Debug|Any CPU.ActiveCfg = Debug|Any CPU
		{F3CE2A75-719C-4648-9EC4-31F85543B64D}.Debug|Any CPU.Build.0 = Debug|Any CPU
		{F3CE2A75-719C-4648-9EC4-31F85543B64D}.Release|Any CPU.ActiveCfg = Release|Any CPU
		{F3CE2A75-719C-4648-9EC4-31F85543B64D}.Release|Any CPU.Build.0 = Release|Any CPU
		{F3CE2A75-719C-4648-9EC4-31F85543B64D}.Debug|iPhoneSimulator.ActiveCfg = Debug|Any CPU
		{F3CE2A75-719C-4648-9EC4-31F85543B64D}.Debug|iPhoneSimulator.Build.0 = Debug|Any CPU
		{F3CE2A75-719C-4648-9EC4-31F85543B64D}.Release|iPhoneSimulator.ActiveCfg = Release|Any CPU
		{F3CE2A75-719C-4648-9EC4-31F85543B64D}.Release|iPhoneSimulator.Build.0 = Release|Any CPU
		{F3CE2A75-719C-4648-9EC4-31F85543B64D}.Debug|iPhone.ActiveCfg = Debug|Any CPU
		{F3CE2A75-719C-4648-9EC4-31F85543B64D}.Debug|iPhone.Build.0 = Debug|Any CPU
		{F3CE2A75-719C-4648-9EC4-31F85543B64D}.Release|iPhone.ActiveCfg = Release|Any CPU
		{F3CE2A75-719C-4648-9EC4-31F85543B64D}.Release|iPhone.Build.0 = Release|Any CPU
		{3D387137-528C-462F-95E3-E444995DC901}.Debug|Any CPU.ActiveCfg = Debug|iPhoneSimulator
		{3D387137-528C-462F-95E3-E444995DC901}.Debug|Any CPU.Build.0 = Debug|iPhoneSimulator
		{3D387137-528C-462F-95E3-E444995DC901}.Release|Any CPU.ActiveCfg = Release|iPhoneSimulator
		{3D387137-528C-462F-95E3-E444995DC901}.Release|Any CPU.Build.0 = Release|iPhoneSimulator
		{3D387137-528C-462F-95E3-E444995DC901}.Debug|iPhoneSimulator.ActiveCfg = Debug|iPhoneSimulator
		{3D387137-528C-462F-95E3-E444995DC901}.Debug|iPhoneSimulator.Build.0 = Debug|iPhoneSimulator
		{3D387137-528C-462F-95E3-E444995DC901}.Release|iPhoneSimulator.ActiveCfg = Release|iPhoneSimulator
		{3D387137-528C-462F-95E3-E444995DC901}.Release|iPhoneSimulator.Build.0 = Release|iPhoneSimulator
		{3D387137-528C-462F-95E3-E444995DC901}.Debug|iPhone.ActiveCfg = Debug|iPhone
		{3D387137-528C-462F-95E3-E444995DC901}.Debug|iPhone.Build.0 = Debug|iPhone
		{3D387137-528C-462F-95E3-E444995DC901}.Release|iPhone.ActiveCfg = Release|iPhone
		{3D387137-528C-462F-95E3-E444995DC901}.Release|iPhone.Build.0 = Release|iPhone
	EndGlobalSection
EndGlobal
